
Microsoft Visual Studio Solution File, Format Version 12.00
# Visual Studio 2013
VisualStudioVersion = 12.0.21005.1
MinimumVisualStudioVersion = 10.0.40219.1
Project("{FAE04EC0-301F-11D3-BF4B-00C04F79EFBC}") = "CxxPlugin", "CxxPlugin\CxxPlugin.csproj", "{3755A099-7EE1-4593-9BB0-50DA67039C99}"
EndProject
Project("{FAE04EC0-301F-11D3-BF4B-00C04F79EFBC}") = "CxxPlugin.Test", "CxxPlugin.Test\CxxPlugin.Test.csproj", "{04CDA1BF-6FC4-4813-B299-4BDF8B8AE696}"
EndProject
Global
	GlobalSection(SolutionConfigurationPlatforms) = preSolution
		Debug|Any CPU = Debug|Any CPU
		Release|Any CPU = Release|Any CPU
	EndGlobalSection
	GlobalSection(ProjectConfigurationPlatforms) = postSolution
		{3755A099-7EE1-4593-9BB0-50DA67039C99}.Debug|Any CPU.ActiveCfg = Debug|Any CPU
		{3755A099-7EE1-4593-9BB0-50DA67039C99}.Debug|Any CPU.Build.0 = Debug|Any CPU
		{3755A099-7EE1-4593-9BB0-50DA67039C99}.Release|Any CPU.ActiveCfg = Release|Any CPU
		{3755A099-7EE1-4593-9BB0-50DA67039C99}.Release|Any CPU.Build.0 = Release|Any CPU
		{04CDA1BF-6FC4-4813-B299-4BDF8B8AE696}.Debug|Any CPU.ActiveCfg = Debug|Any CPU
		{04CDA1BF-6FC4-4813-B299-4BDF8B8AE696}.Debug|Any CPU.Build.0 = Debug|Any CPU
		{04CDA1BF-6FC4-4813-B299-4BDF8B8AE696}.Release|Any CPU.ActiveCfg = Release|Any CPU
		{04CDA1BF-6FC4-4813-B299-4BDF8B8AE696}.Release|Any CPU.Build.0 = Release|Any CPU
	EndGlobalSection
	GlobalSection(SolutionProperties) = preSolution
		HideSolutionNode = FALSE
	EndGlobalSection
EndGlobal
